<?xml version="1.0" encoding="utf-8"?>
<Project ToolsVersion="4.0" xmlns="http://schemas.microsoft.com/developer/msbuild/2003">
  <ItemGroup>
    <Filter Include="Source Files">
      <UniqueIdentifier>{4FC737F1-C7A5-4376-A066-2A32D752A2FF}</UniqueIdentifier>
      <Extensions>cpp;c;cc;cxx;def;odl;idl;hpj;bat;asm;asmx</Extensions>
    </Filter>
    <Filter Include="Header Files">
      <UniqueIdentifier>{93995380-89BD-4b04-88EB-625FBE52EBFB}</UniqueIdentifier>
      <Extensions>h;hh;hpp;hxx;hm;inl;inc;ipp;xsd</Extensions>
    </Filter>
    <Filter Include="Resource Files">
      <UniqueIdentifier>{67DA6AB6-F800-4c08-8B7A-83BB121AAD01}</UniqueIdentifier>
      <Extensions>rc;ico;cur;bmp;dlg;rc2;rct;bin;rgs;gif;jpg;jpeg;jpe;resx;tiff;tif;png;wav;mfcribbon-ms</Extensions>
    </Filter>
    <Filter Include="Header Files\Lyric">
      <UniqueIdentifier>{15371023-0224-40bb-a0aa-6e58ab8a9755}</UniqueIdentifier>
    </Filter>
    <Filter Include="Source Files\Lyric">
      <UniqueIdentifier>{8e5da06d-dc76-4f08-a7f6-76da631fbf33}</UniqueIdentifier>
    </Filter>
    <Filter Include="Header Files\Lyric\Stroke">
      <UniqueIdentifier>{521ec273-fff4-430d-9094-a925ff0ff630}</UniqueIdentifier>
    </Filter>
    <Filter Include="Source Files\Lyric\Stroke">
      <UniqueIdentifier>{e1787740-0242-4e1a-894a-a904a17be3ff}</UniqueIdentifier>
    </Filter>
    <Filter Include="Header Files\Utility">
      <UniqueIdentifier>{bfc6c404-a866-471c-9aca-8e1546cabe8d}</UniqueIdentifier>
    </Filter>
    <Filter Include="Source Files\Utility">
      <UniqueIdentifier>{448796c4-f102-4b1b-b7f3-92b7e289433f}</UniqueIdentifier>
    </Filter>
    <Filter Include="Header Files\Utility\Swatch">
      <UniqueIdentifier>{b68c6a60-643b-4ed0-8682-47d138c2eb2f}</UniqueIdentifier>
    </Filter>
    <Filter Include="Source Files\Utility\Swatch">
      <UniqueIdentifier>{fe61b4f6-d044-4134-ac0f-466ce61afe4c}</UniqueIdentifier>
    </Filter>
  </ItemGroup>
  <ItemGroup>
    <ClCompile Include="Drain.cpp">
      <Filter>Source Files</Filter>
    </ClCompile>
    <ClCompile Include="Character.cpp">
      <Filter>Source Files\Lyric</Filter>
    </ClCompile>
    <ClCompile Include="LineStroke.cpp">
      <Filter>Source Files\Lyric\Stroke</Filter>
    </ClCompile>
    <ClCompile Include="Stroke.cpp">
      <Filter>Source Files\Lyric\Stroke</Filter>
    </ClCompile>
    <ClCompile Include="PointStroke.cpp">
      <Filter>Source Files\Lyric\Stroke</Filter>
    </ClCompile>
    <ClCompile Include="Path.cpp">
      <Filter>Source Files\Utility</Filter>
    </ClCompile>
    <ClCompile Include="Raindrop.cpp">
      <Filter>Source Files\Utility</Filter>
    </ClCompile>
    <ClCompile Include="Math.cpp">
      <Filter>Source Files\Utility</Filter>
    </ClCompile>
    <ClCompile Include="CircularStroke.cpp">
      <Filter>Source Files\Lyric\Stroke</Filter>
    </ClCompile>
    <ClCompile Include="CWQuarterStroke.cpp">
      <Filter>Source Files\Lyric\Stroke</Filter>
    </ClCompile>
    <ClCompile Include="CCWQuarterStroke.cpp">
      <Filter>Source Files\Lyric\Stroke</Filter>
    </ClCompile>
    <ClCompile Include="CCWEndEighthStroke.cpp">
      <Filter>Source Files\Lyric\Stroke</Filter>
    </ClCompile>
    <ClCompile Include="CCWStartEighthStroke.cpp">
      <Filter>Source Files\Lyric\Stroke</Filter>
    </ClCompile>
    <ClCompile Include="RainGenerator.cpp">
      <Filter>Source Files</Filter>
    </ClCompile>
    <ClCompile Include="SpriteCollection.cpp">
      <Filter>Source Files\Utility</Filter>
    </ClCompile>
    <ClCompile Include="RandomRange.cpp">
      <Filter>Source Files\Utility</Filter>
    </ClCompile>
    <ClCompile Include="BlankStroke.cpp">
      <Filter>Source Files\Lyric\Stroke</Filter>
    </ClCompile>
    <ClCompile Include="Sketch.cpp">
      <Filter>Source Files</Filter>
    </ClCompile>
    <ClCompile Include="CWStartEighthStroke.cpp">
      <Filter>Source Files\Lyric\Stroke</Filter>
    </ClCompile>
    <ClCompile Include="CWEndEighthStroke.cpp">
      <Filter>Source Files\Lyric\Stroke</Filter>
    </ClCompile>
    <ClCompile Include="Swatch.cpp">
      <Filter>Source Files\Utility\Swatch</Filter>
    </ClCompile>
    <ClCompile Include="SwatchTiming.cpp">
      <Filter>Source Files\Utility\Swatch</Filter>
    </ClCompile>
    <ClCompile Include="Walker.cpp">
      <Filter>Source Files</Filter>
    </ClCompile>
    <ClCompile Include="Text.cpp">
      <Filter>Source Files\Lyric</Filter>
    </ClCompile>
  </ItemGroup>
  <ItemGroup>
    <ClInclude Include="Raindrop.hpp">
      <Filter>Header Files</Filter>
    </ClInclude>
    <ClInclude Include="Character.hpp">
      <Filter>Header Files\Lyric</Filter>
    </ClInclude>
    <ClInclude Include="Stroke.hpp">
      <Filter>Header Files\Lyric\Stroke</Filter>
    </ClInclude>
    <ClInclude Include="LineStroke.hpp">
      <Filter>Header Files\Lyric\Stroke</Filter>
    </ClInclude>
    <ClInclude Include="PointStroke.hpp">
      <Filter>Header Files\Lyric\Stroke</Filter>
    </ClInclude>
    <ClInclude Include="Path.hpp">
      <Filter>Header Files\Utility</Filter>
    </ClInclude>
    <ClInclude Include="Timing.hpp">
      <Filter>Header Files\Utility</Filter>
    </ClInclude>
    <ClInclude Include="Math.hpp">
      <Filter>Header Files\Utility</Filter>
    </ClInclude>
    <ClInclude Include="CircularStroke.hpp">
      <Filter>Header Files\Lyric\Stroke</Filter>
    </ClInclude>
    <ClInclude Include="CWQuarterStroke.hpp">
      <Filter>Header Files\Lyric\Stroke</Filter>
    </ClInclude>
    <ClInclude Include="CCWQuarterStroke.hpp">
      <Filter>Header Files\Lyric\Stroke</Filter>
    </ClInclude>
    <ClInclude Include="CCWStartEighthStroke.hpp">
      <Filter>Header Files\Lyric\Stroke</Filter>
    </ClInclude>
    <ClInclude Include="CCWEndEighthStroke.hpp">
      <Filter>Header Files\Lyric\Stroke</Filter>
    </ClInclude>
    <ClInclude Include="RainGenerator.hpp">
      <Filter>Header Files</Filter>
    </ClInclude>
    <ClInclude Include="SpriteCollection.hpp">
      <Filter>Header Files\Utility</Filter>
    </ClInclude>
    <ClInclude Include="RandomRange.hpp">
      <Filter>Header Files\Utility</Filter>
    </ClInclude>
    <ClInclude Include="BlankStroke.hpp">
      <Filter>Header Files\Lyric\Stroke</Filter>
    </ClInclude>
    <ClInclude Include="Sketch.hpp">
      <Filter>Header Files</Filter>
    </ClInclude>
    <ClInclude Include="CWStartEighthStroke.hpp">
      <Filter>Header Files\Lyric\Stroke</Filter>
    </ClInclude>
    <ClInclude Include="CWEndEighthStroke.hpp">
      <Filter>Header Files\Lyric\Stroke</Filter>
    </ClInclude>
    <ClInclude Include="Swatch.hpp">
      <Filter>Header Files\Utility\Swatch</Filter>
    </ClInclude>
    <ClInclude Include="SwatchTiming.hpp">
      <Filter>Header Files\Utility\Swatch</Filter>
    </ClInclude>
    <ClInclude Include="Walker.hpp">
      <Filter>Header Files</Filter>
    </ClInclude>
    <ClInclude Include="Text.hpp">
      <Filter>Header Files\Lyric</Filter>
    </ClInclude>
  </ItemGroup>
</Project>